{
    "_readme": [
        "This file locks the dependencies of your project to a known state",
        "Read more about it at https://getcomposer.org/doc/01-basic-usage.md#installing-dependencies",
        "This file is @generated automatically"
    ],
    "content-hash": "a3841896dc7078f408f99539cd3d6cb6",
    "packages": [
        {
            "name": "gpsnose/mashup",
            "version": "0.0.2",
            "dist": {
                "type": "path",
                "url": "/Volumes/GpsNose/GpsNose_Php/GpsNose.Public.Mashup",
                "reference": "711d5c2ba9325d55ec23ede228349cf936272ba3",
                "shasum": null
            },
            "require": {
                "php": ">=5.6.0"
            },
            "type": "library",
            "autoload": {
                "psr-4": {
                    "GpsNose\\Mashup\\": "src"
                }
            },
            "authors": [
                {
                    "name": "Dev2",
                    "email": "info@gpsnose.com",
                    "role": "Developer"
                }
            ],
            "description": "GpsNose Mashup Lib",
            "homepage": "http://www.gpsnose.com/",
            "keywords": [
                "GpsNose",
                "PHP"
            ],
            "transport-options": {
                "symlink": false
            }
        }
    ],
    "packages-dev": [],
    "aliases": [],
    "minimum-stability": "stable",
    "stability-flags": [],
    "prefer-stable": false,
    "prefer-lowest": false,
    "platform": [],
    "platform-dev": []
}
